#
# This file is autogenerated by pip-compile with Python 3.12
# by the following command:
#
#    pip-compile --extra=dev --extra=embedding --output-file=requirements-py312-linux.lock --strip-extras pyproject.toml
#
aiosqlite==0.22.1
    # via commerce-support-agent-api (pyproject.toml)
alembic==1.19.1
    # via commerce-support-agent-api (pyproject.toml)
annotated-doc==0.0.5
    # via fastapi
annotated-types==0.8.0
    # via pydantic
anyio==4.14.2
    # via
    #   commerce-support-agent-api (pyproject.toml)
    #   httpx
    #   starlette
    #   watchfiles
asyncpg==0.31.0
    # via commerce-support-agent-api (pyproject.toml)
certifi==2026.7.22
    # via
    #   httpcore
    #   httpx
    #   requests
charset-normalizer==3.5.1
    # via requests
click==8.4.2
    # via
    #   huggingface-hub
    #   uvicorn
fastapi==0.141.1
    # via commerce-support-agent-api (pyproject.toml)
fastembed==0.8.0
    # via commerce-support-agent-api (pyproject.toml)
filelock==3.32.3
    # via huggingface-hub
flatbuffers==25.12.19
    # via onnxruntime
fsspec==2026.7.0
    # via huggingface-hub
greenlet==3.5.5
    # via sqlalchemy
h11==0.16.0
    # via
    #   httpcore
    #   uvicorn
hf-xet==1.6.0
    # via huggingface-hub
httpcore==1.0.9
    # via httpx
httptools==0.8.0
    # via uvicorn
httpx==0.28.1
    # via
    #   commerce-support-agent-api (pyproject.toml)
    #   huggingface-hub
huggingface-hub==1.28.0
    # via
    #   fastembed
    #   tokenizers
idna==3.19
    # via
    #   anyio
    #   httpx
    #   requests
iniconfig==2.3.0
    # via pytest
librt==0.15.0
    # via mypy
loguru==0.7.3
    # via fastembed
mako==1.4.1
    # via alembic
markupsafe==3.0.3
    # via mako
mmh3==5.2.1
    # via fastembed
mypy==1.20.2
    # via commerce-support-agent-api (pyproject.toml)
mypy-extensions==1.1.0
    # via mypy
numpy==2.5.2
    # via
    #   fastembed
    #   onnxruntime
onnxruntime==1.29.0
    # via fastembed
packaging==26.3
    # via
    #   huggingface-hub
    #   onnxruntime
    #   pytest
pathspec==1.1.1
    # via mypy
pgvector==0.5.0
    # via commerce-support-agent-api (pyproject.toml)
pillow==12.3.0
    # via fastembed
pluggy==1.6.0
    # via pytest
protobuf==7.36.0
    # via onnxruntime
py-rust-stemmers==0.1.8
    # via fastembed
pydantic==2.13.4
    # via
    #   fastapi
    #   pydantic-settings
pydantic-core==2.46.4
    # via pydantic
pydantic-settings==2.15.0
    # via commerce-support-agent-api (pyproject.toml)
pygments==2.21.0
    # via pytest
pytest==8.4.2
    # via commerce-support-agent-api (pyproject.toml)
python-dotenv==1.2.3
    # via
    #   pydantic-settings
    #   uvicorn
pyyaml==6.0.3
    # via
    #   huggingface-hub
    #   uvicorn
requests==2.34.2
    # via fastembed
ruff==0.16.4
    # via commerce-support-agent-api (pyproject.toml)
sqlalchemy==2.0.52
    # via
    #   alembic
    #   commerce-support-agent-api (pyproject.toml)
starlette==1.6.0
    # via fastapi
tokenizers==0.23.1
    # via fastembed
tqdm==4.70.0
    # via
    #   fastembed
    #   huggingface-hub
typing-extensions==4.16.0
    # via
    #   alembic
    #   anyio
    #   fastapi
    #   huggingface-hub
    #   mypy
    #   pydantic
    #   pydantic-core
    #   sqlalchemy
    #   starlette
    #   typing-inspection
typing-inspection==0.4.4
    # via
    #   fastapi
    #   pydantic
    #   pydantic-settings
urllib3==2.7.0
    # via requests
uvicorn==0.52.4
    # via commerce-support-agent-api (pyproject.toml)
uvloop==0.22.1
    # via uvicorn
watchfiles==1.2.0
    # via uvicorn
websockets==17.0.1
    # via uvicorn
